
Microsoft Visual Studio Solution File, Format Version 12.00
# Visual Studio Version 16
VisualStudioVersion = 16.0.30611.23
MinimumVisualStudioVersion = 10.0.40219.1
Project("{FAE04EC0-301F-11D3-BF4B-00C04F79EFBC}") = "GameOptimizer", "GameOptimizer\GameOptimizer.csproj", "{408160C1-EFCF-4E88-A257-A4546CC9EEC3}"
EndProject
Global
	GlobalSection(SolutionConfigurationPlatforms) = preSolution
		Debug|Any CPU = Debug|Any CPU
		Release|Any CPU = Release|Any CPU
	EndGlobalSection
	GlobalSection(ProjectConfigurationPlatforms) = postSolution
		{408160C1-EFCF-4E88-A257-A4546CC9EEC3}.Debug|Any CPU.ActiveCfg = Debug|Any CPU
		{408160C1-EFCF-4E88-A257-A4546CC9EEC3}.Debug|Any CPU.Build.0 = Debug|Any CPU
		{408160C1-EFCF-4E88-A257-A4546CC9EEC3}.Release|Any CPU.ActiveCfg = Release|Any CPU
		{408160C1-EFCF-4E88-A257-A4546CC9EEC3}.Release|Any CPU.Build.0 = Release|Any CPU
	EndGlobalSection
	GlobalSection(SolutionProperties) = preSolution
		HideSolutionNode = FALSE
	EndGlobalSection
	GlobalSection(ExtensibilityGlobals) = postSolution
		SolutionGuid = {2D290F86-12D1-4DDA-BB79-135A365A7C32}
	EndGlobalSection
EndGlobal
